// !$*UTF8*$!
{
	archiveVersion = 1;
	classes = {
	};
	objectVersion = 77;
	objects = {

/* Begin PBXBuildFile section */
		0D8657278F9894DD38396D9D /* Assets.xcassets in Resources */ = {isa = PBXBuildFile; fileRef = 8A63CF8D455A8A6163BBD075 /* Assets.xcassets */; };
		2132387EB6815A4F100BB78B /* CategorySheet.swift in Sources */ = {isa = PBXBuildFile; fileRef = 6B0B8A3537F299D8B7651CA2 /* CategorySheet.swift */; };
		4246381273FA07AAA0B94F58 /* NotNowApp.swift in Sources */ = {isa = PBXBuildFile; fileRef = 640FF47D4FDFB617276DDE5C /* NotNowApp.swift */; };
		4C7033DDF72082B417FD0966 /* Category.swift in Sources */ = {isa = PBXBuildFile; fileRef = B14238667166C0E979792B1E /* Category.swift */; };
		587372AAF51FB9981BBDCD69 /* AddBookmarkSheet.swift in Sources */ = {isa = PBXBuildFile; fileRef = 19082D818158217648EDEC18 /* AddBookmarkSheet.swift */; };
		71915E95C5D279EBA4A92D54 /* Theme.swift in Sources */ = {isa = PBXBuildFile; fileRef = A9E43F5C0C52A2E19ADAA632 /* Theme.swift */; };
		8E1E2724304469F27D7FF14F /* OpenWithSheet.swift in Sources */ = {isa = PBXBuildFile; fileRef = 50BB4E5B583BA233D7010F66 /* OpenWithSheet.swift */; };
		8FC6C81E2A402F43A530FF33 /* ContentView.swift in Sources */ = {isa = PBXBuildFile; fileRef = 43EE9262209AB610ED8BAEB1 /* ContentView.swift */; };
		99CC69ECACD977CC5852A809 /* BookmarkDetailSheet.swift in Sources */ = {isa = PBXBuildFile; fileRef = 3D57C4911969A1DF7403C5D5 /* BookmarkDetailSheet.swift */; };
		99EAC6973D2FBE20CC3DC0A2 /* Bookmark.swift in Sources */ = {isa = PBXBuildFile; fileRef = 59D07A398CBFAFBDE47E4105 /* Bookmark.swift */; };
		A8A6016248DC0DF939ED050A /* MetadataService.swift in Sources */ = {isa = PBXBuildFile; fileRef = 0E5A2BD4FBD04CEC1CECE324 /* MetadataService.swift */; };
		B7D2E1F93A4C5B6E8D9E0F1A /* NotNowBackupService.swift in Sources */ = {isa = PBXBuildFile; fileRef = C8E3D4A5B6F7E2D1C0A9B8E7 /* NotNowBackupService.swift */; };
		EFC51328721A94F2D59186C8 /* OpenService.swift in Sources */ = {isa = PBXBuildFile; fileRef = 691FF261CFE1DD8AFE42BD70 /* OpenService.swift */; };
		F2AA9FFA7C46FB04644CAE52 /* BookmarkCardView.swift in Sources */ = {isa = PBXBuildFile; fileRef = B39BF9801D0262995AA7CE48 /* BookmarkCardView.swift */; };
		1A2B3C4D5E6F7A8B9C0D1E2F /* CommandPaletteItem.swift in Sources */ = {isa = PBXBuildFile; fileRef = 2B3C4D5E6F7A8B9C0D1E2F3A /* CommandPaletteItem.swift */; };
		2B3C4D5E6F7A8B9C0D1E2F3B /* CommandPaletteView.swift in Sources */ = {isa = PBXBuildFile; fileRef = 3C4D5E6F7A8B9C0D1E2F3A4B /* CommandPaletteView.swift */; };
/* End PBXBuildFile section */

/* Begin PBXFileReference section */
		0E5A2BD4FBD04CEC1CECE324 /* MetadataService.swift */ = {isa = PBXFileReference; lastKnownFileType = sourcecode.swift; path = MetadataService.swift; sourceTree = "<group>"; };
		19082D818158217648EDEC18 /* AddBookmarkSheet.swift */ = {isa = PBXFileReference; lastKnownFileType = sourcecode.swift; path = AddBookmarkSheet.swift; sourceTree = "<group>"; };
		33DE51F64581E439A3271F37 /* NotNow.app */ = {isa = PBXFileReference; explicitFileType = wrapper.application; includeInIndex = 0; path = NotNow.app; sourceTree = BUILT_PRODUCTS_DIR; };
		3D57C4911969A1DF7403C5D5 /* BookmarkDetailSheet.swift */ = {isa = PBXFileReference; lastKnownFileType = sourcecode.swift; path = BookmarkDetailSheet.swift; sourceTree = "<group>"; };
		43EE9262209AB610ED8BAEB1 /* ContentView.swift */ = {isa = PBXFileReference; lastKnownFileType = sourcecode.swift; path = ContentView.swift; sourceTree = "<group>"; };
		50BB4E5B583BA233D7010F66 /* OpenWithSheet.swift */ = {isa = PBXFileReference; lastKnownFileType = sourcecode.swift; path = OpenWithSheet.swift; sourceTree = "<group>"; };
		59D07A398CBFAFBDE47E4105 /* Bookmark.swift */ = {isa = PBXFileReference; lastKnownFileType = sourcecode.swift; path = Bookmark.swift; sourceTree = "<group>"; };
		640FF47D4FDFB617276DDE5C /* NotNowApp.swift */ = {isa = PBXFileReference; lastKnownFileType = sourcecode.swift; path = NotNowApp.swift; sourceTree = "<group>"; };
		65334B3C3E15B3F31A229FC6 /* NotNow.entitlements */ = {isa = PBXFileReference; lastKnownFileType = text.plist.entitlements; path = NotNow.entitlements; sourceTree = "<group>"; };
		691FF261CFE1DD8AFE42BD70 /* OpenService.swift */ = {isa = PBXFileReference; lastKnownFileType = sourcecode.swift; path = OpenService.swift; sourceTree = "<group>"; };
		C8E3D4A5B6F7E2D1C0A9B8E7 /* NotNowBackupService.swift */ = {isa = PBXFileReference; lastKnownFileType = sourcecode.swift; path = NotNowBackupService.swift; sourceTree = "<group>"; };
		6B0B8A3537F299D8B7651CA2 /* CategorySheet.swift */ = {isa = PBXFileReference; lastKnownFileType = sourcecode.swift; path = CategorySheet.swift; sourceTree = "<group>"; };
		8A63CF8D455A8A6163BBD075 /* Assets.xcassets */ = {isa = PBXFileReference; lastKnownFileType = folder.assetcatalog; path = Assets.xcassets; sourceTree = "<group>"; };
		A9E43F5C0C52A2E19ADAA632 /* Theme.swift */ = {isa = PBXFileReference; lastKnownFileType = sourcecode.swift; path = Theme.swift; sourceTree = "<group>"; };
		B14238667166C0E979792B1E /* Category.swift */ = {isa = PBXFileReference; lastKnownFileType = sourcecode.swift; path = Category.swift; sourceTree = "<group>"; };
		B39BF9801D0262995AA7CE48 /* BookmarkCardView.swift */ = {isa = PBXFileReference; lastKnownFileType = sourcecode.swift; path = BookmarkCardView.swift; sourceTree = "<group>"; };
		2B3C4D5E6F7A8B9C0D1E2F3A /* CommandPaletteItem.swift */ = {isa = PBXFileReference; lastKnownFileType = sourcecode.swift; path = CommandPaletteItem.swift; sourceTree = "<group>"; };
		3C4D5E6F7A8B9C0D1E2F3A4B /* CommandPaletteView.swift */ = {isa = PBXFileReference; lastKnownFileType = sourcecode.swift; path = CommandPaletteView.swift; sourceTree = "<group>"; };
/* End PBXFileReference section */

/* Begin PBXGroup section */
		2C97DE68A672DE87301C7544 /* Views */ = {
			isa = PBXGroup;
			children = (
				19082D818158217648EDEC18 /* AddBookmarkSheet.swift */,
				B39BF9801D0262995AA7CE48 /* BookmarkCardView.swift */,
				3D57C4911969A1DF7403C5D5 /* BookmarkDetailSheet.swift */,
				6B0B8A3537F299D8B7651CA2 /* CategorySheet.swift */,
				43EE9262209AB610ED8BAEB1 /* ContentView.swift */,
				50BB4E5B583BA233D7010F66 /* OpenWithSheet.swift */,
				A9E43F5C0C52A2E19ADAA632 /* Theme.swift */,
				2B3C4D5E6F7A8B9C0D1E2F3A /* CommandPaletteItem.swift */,
				3C4D5E6F7A8B9C0D1E2F3A4B /* CommandPaletteView.swift */,
			);
			path = Views;
			sourceTree = "<group>";
		};
		2CC476436CFF7607CF479036 /* Resources */ = {
			isa = PBXGroup;
			children = (
				8A63CF8D455A8A6163BBD075 /* Assets.xcassets */,
			);
			path = Resources;
			sourceTree = "<group>";
		};
		330CDE1B5293895B3FEF3E70 /* Products */ = {
			isa = PBXGroup;
			children = (
				33DE51F64581E439A3271F37 /* NotNow.app */,
			);
			name = Products;
			sourceTree = "<group>";
		};
		5064624F2667A9C89D7D553B /* Services */ = {
			isa = PBXGroup;
			children = (
				0E5A2BD4FBD04CEC1CECE324 /* MetadataService.swift */,
				C8E3D4A5B6F7E2D1C0A9B8E7 /* NotNowBackupService.swift */,
				691FF261CFE1DD8AFE42BD70 /* OpenService.swift */,
			);
			path = Services;
			sourceTree = "<group>";
		};
		771A8A3CB91835EC94853082 /* Models */ = {
			isa = PBXGroup;
			children = (
				59D07A398CBFAFBDE47E4105 /* Bookmark.swift */,
				B14238667166C0E979792B1E /* Category.swift */,
			);
			path = Models;
			sourceTree = "<group>";
		};
		9D574CE270E243F1C2C1697F = {
			isa = PBXGroup;
			children = (
				CA50D1E754ECED4389B69081 /* NotNow */,
				330CDE1B5293895B3FEF3E70 /* Products */,
			);
			sourceTree = "<group>";
		};
		CA50D1E754ECED4389B69081 /* NotNow */ = {
			isa = PBXGroup;
			children = (
				65334B3C3E15B3F31A229FC6 /* NotNow.entitlements */,
				640FF47D4FDFB617276DDE5C /* NotNowApp.swift */,
				771A8A3CB91835EC94853082 /* Models */,
				2CC476436CFF7607CF479036 /* Resources */,
				5064624F2667A9C89D7D553B /* Services */,
				2C97DE68A672DE87301C7544 /* Views */,
			);
			path = NotNow;
			sourceTree = "<group>";
		};
/* End PBXGroup section */

/* Begin PBXNativeTarget section */
		407F2D3C6D32DA1ED8542E1C /* NotNow */ = {
			isa = PBXNativeTarget;
			buildConfigurationList = 97EEA8651B5A2FDE81E702C1 /* Build configuration list for PBXNativeTarget "NotNow" */;
			buildPhases = (
				438C798265D9099817641436 /* Sources */,
				42BCB2062DAD28AD5A6F9EA4 /* Resources */,
			);
			buildRules = (
			);
			dependencies = (
			);
			name = NotNow;
			packageProductDependencies = (
			);
			productName = NotNow;
			productReference = 33DE51F64581E439A3271F37 /* NotNow.app */;
			productType = "com.apple.product-type.application";
		};
/* End PBXNativeTarget section */

/* Begin PBXProject section */
		BFC3ACFE7BD989389ED18E88 /* Project object */ = {
			isa = PBXProject;
			attributes = {
				BuildIndependentTargetsInParallel = YES;
				LastUpgradeCheck = 1600;
			};
			buildConfigurationList = 08FA855B9A91A44D3C194246 /* Build configuration list for PBXProject "NotNow" */;
			compatibilityVersion = "Xcode 14.0";
			developmentRegion = en;
			hasScannedForEncodings = 0;
			knownRegions = (
				Base,
				en,
			);
			mainGroup = 9D574CE270E243F1C2C1697F;
			minimizedProjectReferenceProxies = 1;
			preferredProjectObjectVersion = 77;
			projectDirPath = "";
			projectRoot = "";
			targets = (
				407F2D3C6D32DA1ED8542E1C /* NotNow */,
			);
		};
/* End PBXProject section */

/* Begin PBXResourcesBuildPhase section */
		42BCB2062DAD28AD5A6F9EA4 /* Resources */ = {
			isa = PBXResourcesBuildPhase;
			buildActionMask = 2147483647;
			files = (
				0D8657278F9894DD38396D9D /* Assets.xcassets in Resources */,
			);
			runOnlyForDeploymentPostprocessing = 0;
		};
/* End PBXResourcesBuildPhase section */

/* Begin PBXSourcesBuildPhase section */
		438C798265D9099817641436 /* Sources */ = {
			isa = PBXSourcesBuildPhase;
			buildActionMask = 2147483647;
			files = (
				587372AAF51FB9981BBDCD69 /* AddBookmarkSheet.swift in Sources */,
				99EAC6973D2FBE20CC3DC0A2 /* Bookmark.swift in Sources */,
				F2AA9FFA7C46FB04644CAE52 /* BookmarkCardView.swift in Sources */,
				99CC69ECACD977CC5852A809 /* BookmarkDetailSheet.swift in Sources */,
				4C7033DDF72082B417FD0966 /* Category.swift in Sources */,
				2132387EB6815A4F100BB78B /* CategorySheet.swift in Sources */,
				8FC6C81E2A402F43A530FF33 /* ContentView.swift in Sources */,
				A8A6016248DC0DF939ED050A /* MetadataService.swift in Sources */,
				B7D2E1F93A4C5B6E8D9E0F1A /* NotNowBackupService.swift in Sources */,
				4246381273FA07AAA0B94F58 /* NotNowApp.swift in Sources */,
				EFC51328721A94F2D59186C8 /* OpenService.swift in Sources */,
				8E1E2724304469F27D7FF14F /* OpenWithSheet.swift in Sources */,
				71915E95C5D279EBA4A92D54 /* Theme.swift in Sources */,
				1A2B3C4D5E6F7A8B9C0D1E2F /* CommandPaletteItem.swift in Sources */,
				2B3C4D5E6F7A8B9C0D1E2F3B /* CommandPaletteView.swift in Sources */,
			);
			runOnlyForDeploymentPostprocessing = 0;
		};
/* End PBXSourcesBuildPhase section */

/* Begin XCBuildConfiguration section */
		0A8A3E8D1E78F529911A1EEC /* Release */ = {
			isa = XCBuildConfiguration;
			buildSettings = {
				ALWAYS_SEARCH_USER_PATHS = NO;
				CLANG_ANALYZER_NONNULL = YES;
				CLANG_ANALYZER_NUMBER_OBJECT_CONVERSION = YES_AGGRESSIVE;
				CLANG_CXX_LANGUAGE_STANDARD = "gnu++14";
				CLANG_CXX_LIBRARY = "libc++";
				CLANG_ENABLE_MODULES = YES;
				CLANG_ENABLE_OBJC_ARC = YES;
				CLANG_ENABLE_OBJC_WEAK = YES;
				CLANG_WARN_BLOCK_CAPTURE_AUTORELEASING = YES;
				CLANG_WARN_BOOL_CONVERSION = YES;
				CLANG_WARN_COMMA = YES;
				CLANG_WARN_CONSTANT_CONVERSION = YES;
				CLANG_WARN_DEPRECATED_OBJC_IMPLEMENTATIONS = YES;
				CLANG_WARN_DIRECT_OBJC_ISA_USAGE = YES_ERROR;
				CLANG_WARN_DOCUMENTATION_COMMENTS = YES;
				CLANG_WARN_EMPTY_BODY = YES;
				CLANG_WARN_ENUM_CONVERSION = YES;
				CLANG_WARN_INFINITE_RECURSION = YES;
				CLANG_WARN_INT_CONVERSION = YES;
				CLANG_WARN_NON_LITERAL_NULL_CONVERSION = YES;
				CLANG_WARN_OBJC_IMPLICIT_RETAIN_SELF = YES;
				CLANG_WARN_OBJC_LITERAL_CONVERSION = YES;
				CLANG_WARN_OBJC_ROOT_CLASS = YES_ERROR;
				CLANG_WARN_QUOTED_INCLUDE_IN_FRAMEWORK_HEADER = YES;
				CLANG_WARN_RANGE_LOOP_ANALYSIS = YES;
				CLANG_WARN_STRICT_PROTOTYPES = YES;
				CLANG_WARN_SUSPICIOUS_MOVE = YES;
				CLANG_WARN_UNGUARDED_AVAILABILITY = YES_AGGRESSIVE;
				CLANG_WARN_UNREACHABLE_CODE = YES;
				CLANG_WARN__DUPLICATE_METHOD_MATCH = YES;
				COPY_PHASE_STRIP = NO;
				DEBUG_INFORMATION_FORMAT = "dwarf-with-dsym";
				ENABLE_NS_ASSERTIONS = NO;
				ENABLE_STRICT_OBJC_MSGSEND = YES;
				GCC_C_LANGUAGE_STANDARD = gnu11;
				GCC_NO_COMMON_BLOCKS = YES;
				GCC_WARN_64_TO_32_BIT_CONVERSION = YES;
				GCC_WARN_ABOUT_RETURN_TYPE = YES_ERROR;
				GCC_WARN_UNDECLARED_SELECTOR = YES;
				GCC_WARN_UNINITIALIZED_AUTOS = YES_AGGRESSIVE;
				GCC_WARN_UNUSED_FUNCTION = YES;
				GCC_WARN_UNUSED_VARIABLE = YES;
				MACOSX_DEPLOYMENT_TARGET = 14.0;
				MTL_ENABLE_DEBUG_INFO = NO;
				MTL_FAST_MATH = YES;
				PRODUCT_NAME = "$(TARGET_NAME)";
				SDKROOT = macosx;
				SWIFT_COMPILATION_MODE = wholemodule;
				SWIFT_OPTIMIZATION_LEVEL = "-O";
				SWIFT_VERSION = 5.0;
			};
			name = Release;
		};
		40EB3059B98D9F63D67803A3 /* Release */ = {
			isa = XCBuildConfiguration;
			buildSettings = {
				ASSETCATALOG_COMPILER_APPICON_NAME = AppIcon;
				CODE_SIGN_ENTITLEMENTS = NotNow/NotNow.entitlements;
				COMBINE_HIDPI_IMAGES = YES;
				CURRENT_PROJECT_VERSION = 1;
				GENERATE_INFOPLIST_FILE = YES;
				INFOPLIST_KEY_LSApplicationCategoryType = "public.app-category.productivity";
				INFOPLIST_KEY_NSHumanReadableCopyright = "";
				LD_RUNPATH_SEARCH_PATHS = (
					"$(inherited)",
					"@executable_path/../Frameworks",
				);
				MACOSX_DEPLOYMENT_TARGET = 14.0;
				MARKETING_VERSION = 1.0.0;
				PRODUCT_BUNDLE_IDENTIFIER = com.notnow.app;
				SDKROOT = macosx;
				SWIFT_VERSION = 5.9;
			};
			name = Release;
		};
		6768F76DA19C6D82D53FBA84 /* Debug */ = {
			isa = XCBuildConfiguration;
			buildSettings = {
				ASSETCATALOG_COMPILER_APPICON_NAME = AppIcon;
				CODE_SIGN_ENTITLEMENTS = NotNow/NotNow.entitlements;
				COMBINE_HIDPI_IMAGES = YES;
				CURRENT_PROJECT_VERSION = 1;
				GENERATE_INFOPLIST_FILE = YES;
				INFOPLIST_KEY_LSApplicationCategoryType = "public.app-category.productivity";
				INFOPLIST_KEY_NSHumanReadableCopyright = "";
				LD_RUNPATH_SEARCH_PATHS = (
					"$(inherited)",
					"@executable_path/../Frameworks",
				);
				MACOSX_DEPLOYMENT_TARGET = 14.0;
				MARKETING_VERSION = 1.0.0;
				PRODUCT_BUNDLE_IDENTIFIER = com.notnow.app;
				SDKROOT = macosx;
				SWIFT_VERSION = 5.9;
			};
			name = Debug;
		};
		970860AA531A6CAF2F95EA57 /* Debug */ = {
			isa = XCBuildConfiguration;
			buildSettings = {
				ALWAYS_SEARCH_USER_PATHS = NO;
				CLANG_ANALYZER_NONNULL = YES;
				CLANG_ANALYZER_NUMBER_OBJECT_CONVERSION = YES_AGGRESSIVE;
				CLANG_CXX_LANGUAGE_STANDARD = "gnu++14";
				CLANG_CXX_LIBRARY = "libc++";
				CLANG_ENABLE_MODULES = YES;
				CLANG_ENABLE_OBJC_ARC = YES;
				CLANG_ENABLE_OBJC_WEAK = YES;
				CLANG_WARN_BLOCK_CAPTURE_AUTORELEASING = YES;
				CLANG_WARN_BOOL_CONVERSION = YES;
				CLANG_WARN_COMMA = YES;
				CLANG_WARN_CONSTANT_CONVERSION = YES;
				CLANG_WARN_DEPRECATED_OBJC_IMPLEMENTATIONS = YES;
				CLANG_WARN_DIRECT_OBJC_ISA_USAGE = YES_ERROR;
				CLANG_WARN_DOCUMENTATION_COMMENTS = YES;
				CLANG_WARN_EMPTY_BODY = YES;
				CLANG_WARN_ENUM_CONVERSION = YES;
				CLANG_WARN_INFINITE_RECURSION = YES;
				CLANG_WARN_INT_CONVERSION = YES;
				CLANG_WARN_NON_LITERAL_NULL_CONVERSION = YES;
				CLANG_WARN_OBJC_IMPLICIT_RETAIN_SELF = YES;
				CLANG_WARN_OBJC_LITERAL_CONVERSION = YES;
				CLANG_WARN_OBJC_ROOT_CLASS = YES_ERROR;
				CLANG_WARN_QUOTED_INCLUDE_IN_FRAMEWORK_HEADER = YES;
				CLANG_WARN_RANGE_LOOP_ANALYSIS = YES;
				CLANG_WARN_STRICT_PROTOTYPES = YES;
				CLANG_WARN_SUSPICIOUS_MOVE = YES;
				CLANG_WARN_UNGUARDED_AVAILABILITY = YES_AGGRESSIVE;
				CLANG_WARN_UNREACHABLE_CODE = YES;
				CLANG_WARN__DUPLICATE_METHOD_MATCH = YES;
				COPY_PHASE_STRIP = NO;
				DEBUG_INFORMATION_FORMAT = dwarf;
				ENABLE_STRICT_OBJC_MSGSEND = YES;
				ENABLE_TESTABILITY = YES;
				GCC_C_LANGUAGE_STANDARD = gnu11;
				GCC_DYNAMIC_NO_PIC = NO;
				GCC_NO_COMMON_BLOCKS = YES;
				GCC_OPTIMIZATION_LEVEL = 0;
				GCC_PREPROCESSOR_DEFINITIONS = (
					"$(inherited)",
					"DEBUG=1",
				);
				GCC_WARN_64_TO_32_BIT_CONVERSION = YES;
				GCC_WARN_ABOUT_RETURN_TYPE = YES_ERROR;
				GCC_WARN_UNDECLARED_SELECTOR = YES;
				GCC_WARN_UNINITIALIZED_AUTOS = YES_AGGRESSIVE;
				GCC_WARN_UNUSED_FUNCTION = YES;
				GCC_WARN_UNUSED_VARIABLE = YES;
				MACOSX_DEPLOYMENT_TARGET = 14.0;
				MTL_ENABLE_DEBUG_INFO = INCLUDE_SOURCE;
				MTL_FAST_MATH = YES;
				ONLY_ACTIVE_ARCH = YES;
				PRODUCT_NAME = "$(TARGET_NAME)";
				SDKROOT = macosx;
				SWIFT_ACTIVE_COMPILATION_CONDITIONS = DEBUG;
				SWIFT_OPTIMIZATION_LEVEL = "-Onone";
				SWIFT_VERSION = 5.0;
			};
			name = Debug;
		};
/* End XCBuildConfiguration section */

/* Begin XCConfigurationList section */
		08FA855B9A91A44D3C194246 /* Build configuration list for PBXProject "NotNow" */ = {
			isa = XCConfigurationList;
			buildConfigurations = (
				970860AA531A6CAF2F95EA57 /* Debug */,
				0A8A3E8D1E78F529911A1EEC /* Release */,
			);
			defaultConfigurationIsVisible = 0;
			defaultConfigurationName = Debug;
		};
		97EEA8651B5A2FDE81E702C1 /* Build configuration list for PBXNativeTarget "NotNow" */ = {
			isa = XCConfigurationList;
			buildConfigurations = (
				6768F76DA19C6D82D53FBA84 /* Debug */,
				40EB3059B98D9F63D67803A3 /* Release */,
			);
			defaultConfigurationIsVisible = 0;
			defaultConfigurationName = Debug;
		};
/* End XCConfigurationList section */
	};
	rootObject = BFC3ACFE7BD989389ED18E88 /* Project object */;
}
